{
  "name": "rebel-dom",
  "version": "1.0.0",
  "lockfileVersion": 2,
  "requires": true,
  "packages": {
    "": {
      "version": "1.0.0",
      "license": "MIT",
      "dependencies": {
        "rebel": "file:../rebel"
      }
    },
    "../rebel": {
      "version": "1.0.0",
      "license": "MIT"
    },
    "node_modules/rebel": {
      "resolved": "../rebel",
      "link": true
    }
  },
  "dependencies": {
    "rebel": {
      "version": "file:../rebel"
    }
  }
}
